// !$*UTF8*$!
{
	archiveVersion = 1;
	classes = {
	};
	objectVersion = 77;
	objects = {

/* Begin PBXContainerItemProxy section */
		167EF66A2CC01B4C00C92409 /* PBXContainerItemProxy */ = {
			isa = PBXContainerItemProxy;
			containerPortal = 167EF6512CC01B4A00C92409 /* Project object */;
			proxyType = 1;
			remoteGlobalIDString = 167EF6582CC01B4B00C92409;
			remoteInfo = HorrorDemo;
		};
		167EF6742CC01B4C00C92409 /* PBXContainerItemProxy */ = {
			isa = PBXContainerItemProxy;
			containerPortal = 167EF6512CC01B4A00C92409 /* Project object */;
			proxyType = 1;
			remoteGlobalIDString = 167EF6582CC01B4B00C92409;
			remoteInfo = HorrorDemo;
		};
/* End PBXContainerItemProxy section */

/* Begin PBXFileReference section */
		167EF6592CC01B4B00C92409 /* HorrorDemo.app */ = {isa = PBXFileReference; explicitFileType = wrapper.application; includeInIndex = 0; path = HorrorDemo.app; sourceTree = BUILT_PRODUCTS_DIR; };
		167EF6692CC01B4C00C92409 /* HorrorDemoTests.xctest */ = {isa = PBXFileReference; explicitFileType = wrapper.cfbundle; includeInIndex = 0; path = HorrorDemoTests.xctest; sourceTree = BUILT_PRODUCTS_DIR; };
		167EF6732CC01B4C00C92409 /* HorrorDemoUITests.xctest */ = {isa = PBXFileReference; explicitFileType = wrapper.cfbundle; includeInIndex = 0; path = HorrorDemoUITests.xctest; sourceTree = BUILT_PRODUCTS_DIR; };
/* End PBXFileReference section */

/* Begin PBXFileSystemSynchronizedBuildFileExceptionSet section */
		167EF69A2CC1819A00C92409 /* Exceptions for "HorrorDemo" folder in "HorrorDemo" target */ = {
			isa = PBXFileSystemSynchronizedBuildFileExceptionSet;
			membershipExceptions = (
				Info.plist,
			);
			target = 167EF6582CC01B4B00C92409 /* HorrorDemo */;
		};
/* End PBXFileSystemSynchronizedBuildFileExceptionSet section */

/* Begin PBXFileSystemSynchronizedRootGroup section */
		167EF65B2CC01B4B00C92409 /* HorrorDemo */ = {
			isa = PBXFileSystemSynchronizedRootGroup;
			exceptions = (
				167EF69A2CC1819A00C92409 /* Exceptions for "HorrorDemo" folder in "HorrorDemo" target */,
			);
			path = HorrorDemo;
			sourceTree = "<group>";
		};
		167EF66C2CC01B4C00C92409 /* HorrorDemoTests */ = {
			isa = PBXFileSystemSynchronizedRootGroup;
			path = HorrorDemoTests;
			sourceTree = "<group>";
		};
		167EF6762CC01B4C00C92409 /* HorrorDemoUITests */ = {
			isa = PBXFileSystemSynchronizedRootGroup;
			path = HorrorDemoUITests;
			sourceTree = "<group>";
		};
/* End PBXFileSystemSynchronizedRootGroup section */

/* Begin PBXFrameworksBuildPhase section */
		167EF6562CC01B4B00C92409 /* Frameworks */ = {
			isa = PBXFrameworksBuildPhase;
			buildActionMask = 2147483647;
			files = (
			);
			runOnlyForDeploymentPostprocessing = 0;
		};
		167EF6662CC01B4C00C92409 /* Frameworks */ = {
			isa = PBXFrameworksBuildPhase;
			buildActionMask = 2147483647;
			files = (
			);
			runOnlyForDeploymentPostprocessing = 0;
		};
		167EF6702CC01B4C00C92409 /* Frameworks */ = {
			isa = PBXFrameworksBuildPhase;
			buildActionMask = 2147483647;
			files = (
			);
			runOnlyForDeploymentPostprocessing = 0;
		};
/* End PBXFrameworksBuildPhase section */

/* Begin PBXGroup section */
		167EF6502CC01B4A00C92409 = {
			isa = PBXGroup;
			children = (
				167EF65B2CC01B4B00C92409 /* HorrorDemo */,
				167EF66C2CC01B4C00C92409 /* HorrorDemoTests */,
				167EF6762CC01B4C00C92409 /* HorrorDemoUITests */,
				167EF65A2CC01B4B00C92409 /* Products */,
			);
			sourceTree = "<group>";
		};
		167EF65A2CC01B4B00C92409 /* Products */ = {
			isa = PBXGroup;
			children = (
				167EF6592CC01B4B00C92409 /* HorrorDemo.app */,
				167EF6692CC01B4C00C92409 /* HorrorDemoTests.xctest */,
				167EF6732CC01B4C00C92409 /* HorrorDemoUITests.xctest */,
			);
			name = Products;
			sourceTree = "<group>";
		};
/* End PBXGroup section */

/* Begin PBXNativeTarget section */
		167EF6582CC01B4B00C92409 /* HorrorDemo */ = {
			isa = PBXNativeTarget;
			buildConfigurationList = 167EF67D2CC01B4C00C92409 /* Build configuration list for PBXNativeTarget "HorrorDemo" */;
			buildPhases = (
				167EF6552CC01B4B00C92409 /* Sources */,
				167EF6562CC01B4B00C92409 /* Frameworks */,
				167EF6572CC01B4B00C92409 /* Resources */,
			);
			buildRules = (
			);
			dependencies = (
			);
			fileSystemSynchronizedGroups = (
				167EF65B2CC01B4B00C92409 /* HorrorDemo */,
			);
			name = HorrorDemo;
			packageProductDependencies = (
			);
			productName = HorrorDemo;
			productReference = 167EF6592CC01B4B00C92409 /* HorrorDemo.app */;
			productType = "com.apple.product-type.application";
		};
		167EF6682CC01B4C00C92409 /* HorrorDemoTests */ = {
			isa = PBXNativeTarget;
			buildConfigurationList = 167EF6802CC01B4C00C92409 /* Build configuration list for PBXNativeTarget "HorrorDemoTests" */;
			buildPhases = (
				167EF6652CC01B4C00C92409 /* Sources */,
				167EF6662CC01B4C00C92409 /* Frameworks */,
				167EF6672CC01B4C00C92409 /* Resources */,
			);
			buildRules = (
			);
			dependencies = (
				167EF66B2CC01B4C00C92409 /* PBXTargetDependency */,
			);
			fileSystemSynchronizedGroups = (
				167EF66C2CC01B4C00C92409 /* HorrorDemoTests */,
			);
			name = HorrorDemoTests;
			packageProductDependencies = (
			);
			productName = HorrorDemoTests;
			productReference = 167EF6692CC01B4C00C92409 /* HorrorDemoTests.xctest */;
			productType = "com.apple.product-type.bundle.unit-test";
		};
		167EF6722CC01B4C00C92409 /* HorrorDemoUITests */ = {
			isa = PBXNativeTarget;
			buildConfigurationList = 167EF6832CC01B4C00C92409 /* Build configuration list for PBXNativeTarget "HorrorDemoUITests" */;
			buildPhases = (
				167EF66F2CC01B4C00C92409 /* Sources */,
				167EF6702CC01B4C00C92409 /* Frameworks */,
				167EF6712CC01B4C00C92409 /* Resources */,
			);
			buildRules = (
			);
			dependencies = (
				167EF6752CC01B4C00C92409 /* PBXTargetDependency */,
			);
			fileSystemSynchronizedGroups = (
				167EF6762CC01B4C00C92409 /* HorrorDemoUITests */,
			);
			name = HorrorDemoUITests;
			packageProductDependencies = (
			);
			productName = HorrorDemoUITests;
			productReference = 167EF6732CC01B4C00C92409 /* HorrorDemoUITests.xctest */;
			productType = "com.apple.product-type.bundle.ui-testing";
		};
/* End PBXNativeTarget section */

/* Begin PBXProject section */
		167EF6512CC01B4A00C92409 /* Project object */ = {
			isa = PBXProject;
			attributes = {
				BuildIndependentTargetsInParallel = 1;
				LastSwiftUpdateCheck = 1600;
				LastUpgradeCheck = 1600;
				TargetAttributes = {
					167EF6582CC01B4B00C92409 = {
						CreatedOnToolsVersion = 16.0;
					};
					167EF6682CC01B4C00C92409 = {
						CreatedOnToolsVersion = 16.0;
						TestTargetID = 167EF6582CC01B4B00C92409;
					};
					167EF6722CC01B4C00C92409 = {
						CreatedOnToolsVersion = 16.0;
						TestTargetID = 167EF6582CC01B4B00C92409;
					};
				};
			};
			buildConfigurationList = 167EF6542CC01B4A00C92409 /* Build configuration list for PBXProject "HorrorDemo" */;
			developmentRegion = en;
			hasScannedForEncodings = 0;
			knownRegions = (
				en,
				Base,
			);
			mainGroup = 167EF6502CC01B4A00C92409;
			minimizedProjectReferenceProxies = 1;
			preferredProjectObjectVersion = 77;
			productRefGroup = 167EF65A2CC01B4B00C92409 /* Products */;
			projectDirPath = "";
			projectRoot = "";
			targets = (
				167EF6582CC01B4B00C92409 /* HorrorDemo */,
				167EF6682CC01B4C00C92409 /* HorrorDemoTests */,
				167EF6722CC01B4C00C92409 /* HorrorDemoUITests */,
			);
		};
/* End PBXProject section */

/* Begin PBXResourcesBuildPhase section */
		167EF6572CC01B4B00C92409 /* Resources */ = {
			isa = PBXResourcesBuildPhase;
			buildActionMask = 2147483647;
			files = (
			);
			runOnlyForDeploymentPostprocessing = 0;
		};
		167EF6672CC01B4C00C92409 /* Resources */ = {
			isa = PBXResourcesBuildPhase;
			buildActionMask = 2147483647;
			files = (
			);
			runOnlyForDeploymentPostprocessing = 0;
		};
		167EF6712CC01B4C00C92409 /* Resources */ = {
			isa = PBXResourcesBuildPhase;
			buildActionMask = 2147483647;
			files = (
			);
			runOnlyForDeploymentPostprocessing = 0;
		};
/* End PBXResourcesBuildPhase section */

/* Begin PBXSourcesBuildPhase section */
		167EF6552CC01B4B00C92409 /* Sources */ = {
			isa = PBXSourcesBuildPhase;
			buildActionMask = 2147483647;
			files = (
			);
			runOnlyForDeploymentPostprocessing = 0;
		};
		167EF6652CC01B4C00C92409 /* Sources */ = {
			isa = PBXSourcesBuildPhase;
			buildActionMask = 2147483647;
			files = (
			);
			runOnlyForDeploymentPostprocessing = 0;
		};
		167EF66F2CC01B4C00C92409 /* Sources */ = {
			isa = PBXSourcesBuildPhase;
			buildActionMask = 2147483647;
			files = (
			);
			runOnlyForDeploymentPostprocessing = 0;
		};
/* End PBXSourcesBuildPhase section */

/* Begin PBXTargetDependency section */
		167EF66B2CC01B4C00C92409 /* PBXTargetDependency */ = {
			isa = PBXTargetDependency;
			target = 167EF6582CC01B4B00C92409 /* HorrorDemo */;
			targetProxy = 167EF66A2CC01B4C00C92409 /* PBXContainerItemProxy */;
		};
		167EF6752CC01B4C00C92409 /* PBXTargetDependency */ = {
			isa = PBXTargetDependency;
			target = 167EF6582CC01B4B00C92409 /* HorrorDemo */;
			targetProxy = 167EF6742CC01B4C00C92409 /* PBXContainerItemProxy */;
		};
/* End PBXTargetDependency section */

/* Begin XCBuildConfiguration section */
		167EF67B2CC01B4C00C92409 /* Debug */ = {
			isa = XCBuildConfiguration;
			buildSettings = {
				ALWAYS_SEARCH_USER_PATHS = NO;
				ASSETCATALOG_COMPILER_GENERATE_SWIFT_ASSET_SYMBOL_EXTENSIONS = YES;
				CLANG_ANALYZER_NONNULL = YES;
				CLANG_ANALYZER_NUMBER_OBJECT_CONVERSION = YES_AGGRESSIVE;
				CLANG_CXX_LANGUAGE_STANDARD = "gnu++20";
				CLANG_ENABLE_MODULES = YES;
				CLANG_ENABLE_OBJC_ARC = YES;
				CLANG_ENABLE_OBJC_WEAK = YES;
				CLANG_WARN_BLOCK_CAPTURE_AUTORELEASING = YES;
				CLANG_WARN_BOOL_CONVERSION = YES;
				CLANG_WARN_COMMA = YES;
				CLANG_WARN_CONSTANT_CONVERSION = YES;
				CLANG_WARN_DEPRECATED_OBJC_IMPLEMENTATIONS = YES;
				CLANG_WARN_DIRECT_OBJC_ISA_USAGE = YES_ERROR;
				CLANG_WARN_DOCUMENTATION_COMMENTS = YES;
				CLANG_WARN_EMPTY_BODY = YES;
				CLANG_WARN_ENUM_CONVERSION = YES;
				CLANG_WARN_INFINITE_RECURSION = YES;
				CLANG_WARN_INT_CONVERSION = YES;
				CLANG_WARN_NON_LITERAL_NULL_CONVERSION = YES;
				CLANG_WARN_OBJC_IMPLICIT_RETAIN_SELF = YES;
				CLANG_WARN_OBJC_LITERAL_CONVERSION = YES;
				CLANG_WARN_OBJC_ROOT_CLASS = YES_ERROR;
				CLANG_WARN_QUOTED_INCLUDE_IN_FRAMEWORK_HEADER = YES;
				CLANG_WARN_RANGE_LOOP_ANALYSIS = YES;
				CLANG_WARN_STRICT_PROTOTYPES = YES;
				CLANG_WARN_SUSPICIOUS_MOVE = YES;
				CLANG_WARN_UNGUARDED_AVAILABILITY = YES_AGGRESSIVE;
				CLANG_WARN_UNREACHABLE_CODE = YES;
				CLANG_WARN__DUPLICATE_METHOD_MATCH = YES;
				COPY_PHASE_STRIP = NO;
				DEBUG_INFORMATION_FORMAT = dwarf;
				ENABLE_STRICT_OBJC_MSGSEND = YES;
				ENABLE_TESTABILITY = YES;
				ENABLE_USER_SCRIPT_SANDBOXING = YES;
				GCC_C_LANGUAGE_STANDARD = gnu17;
				GCC_DYNAMIC_NO_PIC = NO;
				GCC_NO_COMMON_BLOCKS = YES;
				GCC_OPTIMIZATION_LEVEL = 0;
				GCC_PREPROCESSOR_DEFINITIONS = (
					"DEBUG=1",
					"$(inherited)",
				);
				GCC_WARN_64_TO_32_BIT_CONVERSION = YES;
				GCC_WARN_ABOUT_RETURN_TYPE = YES_ERROR;
				GCC_WARN_UNDECLARED_SELECTOR = YES;
				GCC_WARN_UNINITIALIZED_AUTOS = YES_AGGRESSIVE;
				GCC_WARN_UNUSED_FUNCTION = YES;
				GCC_WARN_UNUSED_VARIABLE = YES;
				IPHONEOS_DEPLOYMENT_TARGET = 18.0;
				LOCALIZATION_PREFERS_STRING_CATALOGS = YES;
				MTL_ENABLE_DEBUG_INFO = INCLUDE_SOURCE;
				MTL_FAST_MATH = YES;
				ONLY_ACTIVE_ARCH = YES;
				SDKROOT = iphoneos;
				SWIFT_ACTIVE_COMPILATION_CONDITIONS = "DEBUG $(inherited)";
				SWIFT_OPTIMIZATION_LEVEL = "-Onone";
			};
			name = Debug;
		};
		167EF67C2CC01B4C00C92409 /* Release */ = {
			isa = XCBuildConfiguration;
			buildSettings = {
				ALWAYS_SEARCH_USER_PATHS = NO;
				ASSETCATALOG_COMPILER_GENERATE_SWIFT_ASSET_SYMBOL_EXTENSIONS = YES;
				CLANG_ANALYZER_NONNULL = YES;
				CLANG_ANALYZER_NUMBER_OBJECT_CONVERSION = YES_AGGRESSIVE;
				CLANG_CXX_LANGUAGE_STANDARD = "gnu++20";
				CLANG_ENABLE_MODULES = YES;
				CLANG_ENABLE_OBJC_ARC = YES;
				CLANG_ENABLE_OBJC_WEAK = YES;
				CLANG_WARN_BLOCK_CAPTURE_AUTORELEASING = YES;
				CLANG_WARN_BOOL_CONVERSION = YES;
				CLANG_WARN_COMMA = YES;
				CLANG_WARN_CONSTANT_CONVERSION = YES;
				CLANG_WARN_DEPRECATED_OBJC_IMPLEMENTATIONS = YES;
				CLANG_WARN_DIRECT_OBJC_ISA_USAGE = YES_ERROR;
				CLANG_WARN_DOCUMENTATION_COMMENTS = YES;
				CLANG_WARN_EMPTY_BODY = YES;
				CLANG_WARN_ENUM_CONVERSION = YES;
				CLANG_WARN_INFINITE_RECURSION = YES;
				CLANG_WARN_INT_CONVERSION = YES;
				CLANG_WARN_NON_LITERAL_NULL_CONVERSION = YES;
				CLANG_WARN_OBJC_IMPLICIT_RETAIN_SELF = YES;
				CLANG_WARN_OBJC_LITERAL_CONVERSION = YES;
				CLANG_WARN_OBJC_ROOT_CLASS = YES_ERROR;
				CLANG_WARN_QUOTED_INCLUDE_IN_FRAMEWORK_HEADER = YES;
				CLANG_WARN_RANGE_LOOP_ANALYSIS = YES;
				CLANG_WARN_STRICT_PROTOTYPES = YES;
				CLANG_WARN_SUSPICIOUS_MOVE = YES;
				CLANG_WARN_UNGUARDED_AVAILABILITY = YES_AGGRESSIVE;
				CLANG_WARN_UNREACHABLE_CODE = YES;
				CLANG_WARN__DUPLICATE_METHOD_MATCH = YES;
				COPY_PHASE_STRIP = NO;
				DEBUG_INFORMATION_FORMAT = "dwarf-with-dsym";
				ENABLE_NS_ASSERTIONS = NO;
				ENABLE_STRICT_OBJC_MSGSEND = YES;
				ENABLE_USER_SCRIPT_SANDBOXING = YES;
				GCC_C_LANGUAGE_STANDARD = gnu17;
				GCC_NO_COMMON_BLOCKS = YES;
				GCC_WARN_64_TO_32_BIT_CONVERSION = YES;
				GCC_WARN_ABOUT_RETURN_TYPE = YES_ERROR;
				GCC_WARN_UNDECLARED_SELECTOR = YES;
				GCC_WARN_UNINITIALIZED_AUTOS = YES_AGGRESSIVE;
				GCC_WARN_UNUSED_FUNCTION = YES;
				GCC_WARN_UNUSED_VARIABLE = YES;
				IPHONEOS_DEPLOYMENT_TARGET = 18.0;
				LOCALIZATION_PREFERS_STRING_CATALOGS = YES;
				MTL_ENABLE_DEBUG_INFO = NO;
				MTL_FAST_MATH = YES;
				SDKROOT = iphoneos;
				SWIFT_COMPILATION_MODE = wholemodule;
				VALIDATE_PRODUCT = YES;
			};
			name = Release;
		};
		167EF67E2CC01B4C00C92409 /* Debug */ = {
			isa = XCBuildConfiguration;
			buildSettings = {
				ASSETCATALOG_COMPILER_APPICON_NAME = AppIcon;
				ASSETCATALOG_COMPILER_GLOBAL_ACCENT_COLOR_NAME = AccentColor;
				CODE_SIGN_STYLE = Automatic;
				CURRENT_PROJECT_VERSION = 1;
				DEVELOPMENT_ASSET_PATHS = "\"HorrorDemo/Preview Content\"";
				ENABLE_PREVIEWS = YES;
				GENERATE_INFOPLIST_FILE = YES;
				INFOPLIST_FILE = HorrorDemo/Info.plist;
				INFOPLIST_KEY_UIApplicationSceneManifest_Generation = YES;
				INFOPLIST_KEY_UIApplicationSupportsIndirectInputEvents = YES;
				INFOPLIST_KEY_UILaunchScreen_Generation = YES;
				INFOPLIST_KEY_UISupportedInterfaceOrientations_iPad = "UIInterfaceOrientationPortrait UIInterfaceOrientationPortraitUpsideDown UIInterfaceOrientationLandscapeLeft UIInterfaceOrientationLandscapeRight";
				INFOPLIST_KEY_UISupportedInterfaceOrientations_iPhone = "UIInterfaceOrientationPortrait UIInterfaceOrientationLandscapeLeft UIInterfaceOrientationLandscapeRight";
				LD_RUNPATH_SEARCH_PATHS = (
					"$(inherited)",
					"@executable_path/Frameworks",
				);
				MARKETING_VERSION = 1.0;
				PRODUCT_BUNDLE_IDENTIFIER = bsp.HorrorDemo;
				PRODUCT_NAME = "$(TARGET_NAME)";
				SWIFT_EMIT_LOC_STRINGS = YES;
				SWIFT_VERSION = 5.0;
				TARGETED_DEVICE_FAMILY = "1,2";
			};
			name = Debug;
		};
		167EF67F2CC01B4C00C92409 /* Release */ = {
			isa = XCBuildConfiguration;
			buildSettings = {
				ASSETCATALOG_COMPILER_APPICON_NAME = AppIcon;
				ASSETCATALOG_COMPILER_GLOBAL_ACCENT_COLOR_NAME = AccentColor;
				CODE_SIGN_STYLE = Automatic;
				CURRENT_PROJECT_VERSION = 1;
				DEVELOPMENT_ASSET_PATHS = "\"HorrorDemo/Preview Content\"";
				ENABLE_PREVIEWS = YES;
				GENERATE_INFOPLIST_FILE = YES;
				INFOPLIST_FILE = HorrorDemo/Info.plist;
				INFOPLIST_KEY_UIApplicationSceneManifest_Generation = YES;
				INFOPLIST_KEY_UIApplicationSupportsIndirectInputEvents = YES;
				INFOPLIST_KEY_UILaunchScreen_Generation = YES;
				INFOPLIST_KEY_UISupportedInterfaceOrientations_iPad = "UIInterfaceOrientationPortrait UIInterfaceOrientationPortraitUpsideDown UIInterfaceOrientationLandscapeLeft UIInterfaceOrientationLandscapeRight";
				INFOPLIST_KEY_UISupportedInterfaceOrientations_iPhone = "UIInterfaceOrientationPortrait UIInterfaceOrientationLandscapeLeft UIInterfaceOrientationLandscapeRight";
				LD_RUNPATH_SEARCH_PATHS = (
					"$(inherited)",
					"@executable_path/Frameworks",
				);
				MARKETING_VERSION = 1.0;
				PRODUCT_BUNDLE_IDENTIFIER = bsp.HorrorDemo;
				PRODUCT_NAME = "$(TARGET_NAME)";
				SWIFT_EMIT_LOC_STRINGS = YES;
				SWIFT_VERSION = 5.0;
				TARGETED_DEVICE_FAMILY = "1,2";
			};
			name = Release;
		};
		167EF6812CC01B4C00C92409 /* Debug */ = {
			isa = XCBuildConfiguration;
			buildSettings = {
				BUNDLE_LOADER = "$(TEST_HOST)";
				CODE_SIGN_STYLE = Automatic;
				CURRENT_PROJECT_VERSION = 1;
				GENERATE_INFOPLIST_FILE = YES;
				IPHONEOS_DEPLOYMENT_TARGET = 18.0;
				MARKETING_VERSION = 1.0;
				PRODUCT_BUNDLE_IDENTIFIER = bsp.HorrorDemoTests;
				PRODUCT_NAME = "$(TARGET_NAME)";
				SWIFT_EMIT_LOC_STRINGS = NO;
				SWIFT_VERSION = 5.0;
				TARGETED_DEVICE_FAMILY = "1,2";
				TEST_HOST = "$(BUILT_PRODUCTS_DIR)/HorrorDemo.app/$(BUNDLE_EXECUTABLE_FOLDER_PATH)/HorrorDemo";
			};
			name = Debug;
		};
		167EF6822CC01B4C00C92409 /* Release */ = {
			isa = XCBuildConfiguration;
			buildSettings = {
				BUNDLE_LOADER = "$(TEST_HOST)";
				CODE_SIGN_STYLE = Automatic;
				CURRENT_PROJECT_VERSION = 1;
				GENERATE_INFOPLIST_FILE = YES;
				IPHONEOS_DEPLOYMENT_TARGET = 18.0;
				MARKETING_VERSION = 1.0;
				PRODUCT_BUNDLE_IDENTIFIER = bsp.HorrorDemoTests;
				PRODUCT_NAME = "$(TARGET_NAME)";
				SWIFT_EMIT_LOC_STRINGS = NO;
				SWIFT_VERSION = 5.0;
				TARGETED_DEVICE_FAMILY = "1,2";
				TEST_HOST = "$(BUILT_PRODUCTS_DIR)/HorrorDemo.app/$(BUNDLE_EXECUTABLE_FOLDER_PATH)/HorrorDemo";
			};
			name = Release;
		};
		167EF6842CC01B4C00C92409 /* Debug */ = {
			isa = XCBuildConfiguration;
			buildSettings = {
				CODE_SIGN_STYLE = Automatic;
				CURRENT_PROJECT_VERSION = 1;
				GENERATE_INFOPLIST_FILE = YES;
				MARKETING_VERSION = 1.0;
				PRODUCT_BUNDLE_IDENTIFIER = bsp.HorrorDemoUITests;
				PRODUCT_NAME = "$(TARGET_NAME)";
				SWIFT_EMIT_LOC_STRINGS = NO;
				SWIFT_VERSION = 5.0;
				TARGETED_DEVICE_FAMILY = "1,2";
				TEST_TARGET_NAME = HorrorDemo;
			};
			name = Debug;
		};
		167EF6852CC01B4C00C92409 /* Release */ = {
			isa = XCBuildConfiguration;
			buildSettings = {
				CODE_SIGN_STYLE = Automatic;
				CURRENT_PROJECT_VERSION = 1;
				GENERATE_INFOPLIST_FILE = YES;
				MARKETING_VERSION = 1.0;
				PRODUCT_BUNDLE_IDENTIFIER = bsp.HorrorDemoUITests;
				PRODUCT_NAME = "$(TARGET_NAME)";
				SWIFT_EMIT_LOC_STRINGS = NO;
				SWIFT_VERSION = 5.0;
				TARGETED_DEVICE_FAMILY = "1,2";
				TEST_TARGET_NAME = HorrorDemo;
			};
			name = Release;
		};
/* End XCBuildConfiguration section */

/* Begin XCConfigurationList section */
		167EF6542CC01B4A00C92409 /* Build configuration list for PBXProject "HorrorDemo" */ = {
			isa = XCConfigurationList;
			buildConfigurations = (
				167EF67B2CC01B4C00C92409 /* Debug */,
				167EF67C2CC01B4C00C92409 /* Release */,
			);
			defaultConfigurationIsVisible = 0;
			defaultConfigurationName = Release;
		};
		167EF67D2CC01B4C00C92409 /* Build configuration list for PBXNativeTarget "HorrorDemo" */ = {
			isa = XCConfigurationList;
			buildConfigurations = (
				167EF67E2CC01B4C00C92409 /* Debug */,
				167EF67F2CC01B4C00C92409 /* Release */,
			);
			defaultConfigurationIsVisible = 0;
			defaultConfigurationName = Release;
		};
		167EF6802CC01B4C00C92409 /* Build configuration list for PBXNativeTarget "HorrorDemoTests" */ = {
			isa = XCConfigurationList;
			buildConfigurations = (
				167EF6812CC01B4C00C92409 /* Debug */,
				167EF6822CC01B4C00C92409 /* Release */,
			);
			defaultConfigurationIsVisible = 0;
			defaultConfigurationName = Release;
		};
		167EF6832CC01B4C00C92409 /* Build configuration list for PBXNativeTarget "HorrorDemoUITests" */ = {
			isa = XCConfigurationList;
			buildConfigurations = (
				167EF6842CC01B4C00C92409 /* Debug */,
				167EF6852CC01B4C00C92409 /* Release */,
			);
			defaultConfigurationIsVisible = 0;
			defaultConfigurationName = Release;
		};
/* End XCConfigurationList section */
	};
	rootObject = 167EF6512CC01B4A00C92409 /* Project object */;
}
